
Microsoft Visual Studio Solution File, Format Version 12.00
# Visual Studio Version 17
VisualStudioVersion = 17.11.35312.102
MinimumVisualStudioVersion = 10.0.40219.1
Project("{FAE04EC0-301F-11D3-BF4B-00C04F79EFBC}") = "Linq", "Linq\Linq.csproj", "{9F0B5331-F52B-4262-AFBA-DA7661E142B0}"
EndProject
Global
	GlobalSection(SolutionConfigurationPlatforms) = preSolution
		Debug|Any CPU = Debug|Any CPU
		Release|Any CPU = Release|Any CPU
	EndGlobalSection
	GlobalSection(ProjectConfigurationPlatforms) = postSolution
		{9F0B5331-F52B-4262-AFBA-DA7661E142B0}.Debug|Any CPU.ActiveCfg = Debug|Any CPU
		{9F0B5331-F52B-4262-AFBA-DA7661E142B0}.Debug|Any CPU.Build.0 = Debug|Any CPU
		{9F0B5331-F52B-4262-AFBA-DA7661E142B0}.Release|Any CPU.ActiveCfg = Release|Any CPU
		{9F0B5331-F52B-4262-AFBA-DA7661E142B0}.Release|Any CPU.Build.0 = Release|Any CPU
	EndGlobalSection
	GlobalSection(SolutionProperties) = preSolution
		HideSolutionNode = FALSE
	EndGlobalSection
	GlobalSection(ExtensibilityGlobals) = postSolution
		SolutionGuid = {EE2D8765-9677-4001-894C-4492483320CB}
	EndGlobalSection
EndGlobal
